
Microsoft Visual Studio Solution File, Format Version 12.00
# Visual Studio Version 16
VisualStudioVersion = 16.0.35325.158
MinimumVisualStudioVersion = 10.0.40219.1
Project("{FAE04EC0-301F-11D3-BF4B-00C04F79EFBC}") = "CoffeeShop", "CoffeeShop\CoffeeShop.csproj", "{B6FFF888-C8C5-4DEC-BF92-F0DA02A4410A}"
EndProject
Global
	GlobalSection(SolutionConfigurationPlatforms) = preSolution
		Debug|Any CPU = Debug|Any CPU
		Release|Any CPU = Release|Any CPU
	EndGlobalSection
	GlobalSection(ProjectConfigurationPlatforms) = postSolution
		{B6FFF888-C8C5-4DEC-BF92-F0DA02A4410A}.Debug|Any CPU.ActiveCfg = Debug|Any CPU
		{B6FFF888-C8C5-4DEC-BF92-F0DA02A4410A}.Debug|Any CPU.Build.0 = Debug|Any CPU
		{B6FFF888-C8C5-4DEC-BF92-F0DA02A4410A}.Release|Any CPU.ActiveCfg = Release|Any CPU
		{B6FFF888-C8C5-4DEC-BF92-F0DA02A4410A}.Release|Any CPU.Build.0 = Release|Any CPU
	EndGlobalSection
	GlobalSection(SolutionProperties) = preSolution
		HideSolutionNode = FALSE
	EndGlobalSection
	GlobalSection(ExtensibilityGlobals) = postSolution
		SolutionGuid = {A0C0FA05-06A3-48D2-AA59-DF2D7639AF1F}
	EndGlobalSection
EndGlobal
